
Microsoft Visual Studio Solution File, Format Version 12.00
# Visual Studio Version 17
VisualStudioVersion = 17.4.33205.214
MinimumVisualStudioVersion = 10.0.40219.1
Project("{FAE04EC0-301F-11D3-BF4B-00C04F79EFBC}") = "CurrentTimeService", "CurrentTimeService\CurrentTimeService.csproj", "{B1A4E134-96FC-415D-BFA2-43F2D6498EB6}"
EndProject
Global
	GlobalSection(SolutionConfigurationPlatforms) = preSolution
		Debug|Any CPU = Debug|Any CPU
		Release|Any CPU = Release|Any CPU
	EndGlobalSection
	GlobalSection(ProjectConfigurationPlatforms) = postSolution
		{B1A4E134-96FC-415D-BFA2-43F2D6498EB6}.Debug|Any CPU.ActiveCfg = Debug|Any CPU
		{B1A4E134-96FC-415D-BFA2-43F2D6498EB6}.Debug|Any CPU.Build.0 = Debug|Any CPU
		{B1A4E134-96FC-415D-BFA2-43F2D6498EB6}.Release|Any CPU.ActiveCfg = Release|Any CPU
		{B1A4E134-96FC-415D-BFA2-43F2D6498EB6}.Release|Any CPU.Build.0 = Release|Any CPU
	EndGlobalSection
	GlobalSection(SolutionProperties) = preSolution
		HideSolutionNode = FALSE
	EndGlobalSection
	GlobalSection(ExtensibilityGlobals) = postSolution
		SolutionGuid = {4B45D232-B0C6-4CA6-B98A-49322475E4D1}
	EndGlobalSection
EndGlobal
